
Microsoft Visual Studio Solution File, Format Version 12.00
# Visual Studio Version 17
VisualStudioVersion = 17.0.31903.59
MinimumVisualStudioVersion = 10.0.40219.1
Project("{2150E333-8FDC-42A3-9474-1A3956D46DE8}") = "src", "src", "{1284C965-5E1C-444E-9286-0994CC9F7B2E}"
EndProject
Project("{FAE04EC0-301F-11D3-BF4B-00C04F79EFBC}") = "PawDesk.App", "src\PawDesk.App\PawDesk.App.csproj", "{C33F8B2D-CA69-41E4-85AE-49F27BF2B58A}"
EndProject
Project("{2150E333-8FDC-42A3-9474-1A3956D46DE8}") = "tests", "tests", "{7D8F4297-3973-440B-AC64-2FF9CAB6126E}"
EndProject
Project("{FAE04EC0-301F-11D3-BF4B-00C04F79EFBC}") = "PawDesk.Tests", "tests\PawDesk.Tests\PawDesk.Tests.csproj", "{47D2B642-08B7-42C5-9CE5-C84E406D1FC6}"
EndProject
Global
	GlobalSection(SolutionConfigurationPlatforms) = preSolution
		Debug|Any CPU = Debug|Any CPU
		Release|Any CPU = Release|Any CPU
	EndGlobalSection
	GlobalSection(SolutionProperties) = preSolution
		HideSolutionNode = FALSE
	EndGlobalSection
	GlobalSection(ProjectConfigurationPlatforms) = postSolution
		{C33F8B2D-CA69-41E4-85AE-49F27BF2B58A}.Debug|Any CPU.ActiveCfg = Debug|Any CPU
		{C33F8B2D-CA69-41E4-85AE-49F27BF2B58A}.Debug|Any CPU.Build.0 = Debug|Any CPU
		{C33F8B2D-CA69-41E4-85AE-49F27BF2B58A}.Release|Any CPU.ActiveCfg = Release|Any CPU
		{C33F8B2D-CA69-41E4-85AE-49F27BF2B58A}.Release|Any CPU.Build.0 = Release|Any CPU
		{47D2B642-08B7-42C5-9CE5-C84E406D1FC6}.Debug|Any CPU.ActiveCfg = Debug|Any CPU
		{47D2B642-08B7-42C5-9CE5-C84E406D1FC6}.Debug|Any CPU.Build.0 = Debug|Any CPU
		{47D2B642-08B7-42C5-9CE5-C84E406D1FC6}.Release|Any CPU.ActiveCfg = Release|Any CPU
		{47D2B642-08B7-42C5-9CE5-C84E406D1FC6}.Release|Any CPU.Build.0 = Release|Any CPU
	EndGlobalSection
	GlobalSection(NestedProjects) = preSolution
		{C33F8B2D-CA69-41E4-85AE-49F27BF2B58A} = {1284C965-5E1C-444E-9286-0994CC9F7B2E}
		{47D2B642-08B7-42C5-9CE5-C84E406D1FC6} = {7D8F4297-3973-440B-AC64-2FF9CAB6126E}
	EndGlobalSection
EndGlobal
